
Microsoft Visual Studio Solution File, Format Version 12.00
# Visual Studio Version 17
VisualStudioVersion = 17.14.36414.22 d17.14
MinimumVisualStudioVersion = 10.0.40219.1
Project("{9A19103F-16F7-4668-BE54-9A1E7A4F7556}") = "Stardust.Paradox.Data", "Stardust.Paradox.Data\Stardust.Paradox.Data.csproj", "{D6AE37AA-AFEC-4CBE-8CE5-AB8887BE4ACD}"
EndProject
Project("{9A19103F-16F7-4668-BE54-9A1E7A4F7556}") = "Stardust.Paradox.Data.Annotations", "Stardust.Paradox.Data.Annotations\Stardust.Paradox.Data.Annotations.csproj", "{BBD19710-A4A7-490D-BA06-E661A386C41F}"
EndProject
Project("{9A19103F-16F7-4668-BE54-9A1E7A4F7556}") = "Stardust.Paradox.Data.CosmosDbTests", "Stardust.Paradox.Data.CosmosDbTests\Stardust.Paradox.Data.CosmosDbTests.csproj", "{7349F8FE-C1E4-4A89-9E7A-E3FDCD55E8A8}"
EndProject
Project("{9A19103F-16F7-4668-BE54-9A1E7A4F7556}") = "Stardust.Paradox.Data.Providers.CosmosDb", "Stardust.Paradox.Data.Providers.CosmosDb\Stardust.Paradox.Data.Providers.CosmosDb.csproj", "{B1D8C50F-0360-4AF6-8BE2-421835D87D67}"
EndProject
Project("{9A19103F-16F7-4668-BE54-9A1E7A4F7556}") = "Stardust.Paradox.Data.Providers.Gremlin", "Stardust.Paradox.Data.Providers.Gremlin\Stardust.Paradox.Data.Providers.Gremlin.csproj", "{9C37DC0B-F24F-4698-995D-FE23AE187BCD}"
EndProject
Project("{FAE04EC0-301F-11D3-BF4B-00C04F79EFBC}") = "Stardust.Paradox.Data.UnitTests", "Stardust.Paradox.Data.UnitTests\Stardust.Paradox.Data.UnitTests.csproj", "{E7DEF000-3BE1-4A42-844E-992D9ABD2A94}"
EndProject
Project("{FAE04EC0-301F-11D3-BF4B-00C04F79EFBC}") = "Stardust.Paradox.Data.Mocker", "Stardust.Paradox.Data.Mocker\Stardust.Paradox.Data.Mocker.csproj", "{209DF375-E14C-4278-9597-374B6829F3FD}"
EndProject
Project("{FAE04EC0-301F-11D3-BF4B-00C04F79EFBC}") = "Stardust.Paradox.Data.MockTester", "Stardust.Paradox.Data.MockTester\Stardust.Paradox.Data.MockTester.csproj", "{9448F07F-AAC5-4C50-A02D-547A93D2F7E1}"
EndProject
Project("{FAE04EC0-301F-11D3-BF4B-00C04F79EFBC}") = "Stardust.Paradox.Data.InMemory", "Stardust.Paradox.Data.InMemory\Stardust.Paradox.Data.InMemory.csproj", "{BA9E8476-F235-4D33-A7B8-50666DD0801A}"
EndProject
Project("{FAE04EC0-301F-11D3-BF4B-00C04F79EFBC}") = "Stardust.Paradox.Data.InMemory.Tests", "Stardust.Paradox.Data.InMemory.Tests\Stardust.Paradox.Data.InMemory.Tests.csproj", "{C76EFDCD-FE97-4441-80C9-136D13F2ACCC}"
EndProject
Global
	GlobalSection(SolutionConfigurationPlatforms) = preSolution
		Debug|Any CPU = Debug|Any CPU
		Release|Any CPU = Release|Any CPU
	EndGlobalSection
	GlobalSection(ProjectConfigurationPlatforms) = postSolution
		{D6AE37AA-AFEC-4CBE-8CE5-AB8887BE4ACD}.Debug|Any CPU.ActiveCfg = Debug|Any CPU
		{D6AE37AA-AFEC-4CBE-8CE5-AB8887BE4ACD}.Debug|Any CPU.Build.0 = Debug|Any CPU
		{D6AE37AA-AFEC-4CBE-8CE5-AB8887BE4ACD}.Release|Any CPU.ActiveCfg = Release|Any CPU
		{D6AE37AA-AFEC-4CBE-8CE5-AB8887BE4ACD}.Release|Any CPU.Build.0 = Release|Any CPU
		{BBD19710-A4A7-490D-BA06-E661A386C41F}.Debug|Any CPU.ActiveCfg = Debug|Any CPU
		{BBD19710-A4A7-490D-BA06-E661A386C41F}.Debug|Any CPU.Build.0 = Debug|Any CPU
		{BBD19710-A4A7-490D-BA06-E661A386C41F}.Release|Any CPU.ActiveCfg = Release|Any CPU
		{BBD19710-A4A7-490D-BA06-E661A386C41F}.Release|Any CPU.Build.0 = Release|Any CPU
		{7349F8FE-C1E4-4A89-9E7A-E3FDCD55E8A8}.Debug|Any CPU.ActiveCfg = Debug|Any CPU
		{7349F8FE-C1E4-4A89-9E7A-E3FDCD55E8A8}.Debug|Any CPU.Build.0 = Debug|Any CPU
		{7349F8FE-C1E4-4A89-9E7A-E3FDCD55E8A8}.Release|Any CPU.ActiveCfg = Release|Any CPU
		{7349F8FE-C1E4-4A89-9E7A-E3FDCD55E8A8}.Release|Any CPU.Build.0 = Release|Any CPU
		{B1D8C50F-0360-4AF6-8BE2-421835D87D67}.Debug|Any CPU.ActiveCfg = Debug|Any CPU
		{B1D8C50F-0360-4AF6-8BE2-421835D87D67}.Debug|Any CPU.Build.0 = Debug|Any CPU
		{B1D8C50F-0360-4AF6-8BE2-421835D87D67}.Release|Any CPU.ActiveCfg = Release|Any CPU
		{B1D8C50F-0360-4AF6-8BE2-421835D87D67}.Release|Any CPU.Build.0 = Release|Any CPU
		{9C37DC0B-F24F-4698-995D-FE23AE187BCD}.Debug|Any CPU.ActiveCfg = Debug|Any CPU
		{9C37DC0B-F24F-4698-995D-FE23AE187BCD}.Debug|Any CPU.Build.0 = Debug|Any CPU
		{9C37DC0B-F24F-4698-995D-FE23AE187BCD}.Release|Any CPU.ActiveCfg = Release|Any CPU
		{9C37DC0B-F24F-4698-995D-FE23AE187BCD}.Release|Any CPU.Build.0 = Release|Any CPU
		{E7DEF000-3BE1-4A42-844E-992D9ABD2A94}.Debug|Any CPU.ActiveCfg = Debug|Any CPU
		{E7DEF000-3BE1-4A42-844E-992D9ABD2A94}.Debug|Any CPU.Build.0 = Debug|Any CPU
		{E7DEF000-3BE1-4A42-844E-992D9ABD2A94}.Release|Any CPU.ActiveCfg = Release|Any CPU
		{E7DEF000-3BE1-4A42-844E-992D9ABD2A94}.Release|Any CPU.Build.0 = Release|Any CPU
		{209DF375-E14C-4278-9597-374B6829F3FD}.Debug|Any CPU.ActiveCfg = Debug|Any CPU
		{209DF375-E14C-4278-9597-374B6829F3FD}.Debug|Any CPU.Build.0 = Debug|Any CPU
		{209DF375-E14C-4278-9597-374B6829F3FD}.Release|Any CPU.ActiveCfg = Release|Any CPU
		{209DF375-E14C-4278-9597-374B6829F3FD}.Release|Any CPU.Build.0 = Release|Any CPU
		{9448F07F-AAC5-4C50-A02D-547A93D2F7E1}.Debug|Any CPU.ActiveCfg = Debug|Any CPU
		{9448F07F-AAC5-4C50-A02D-547A93D2F7E1}.Debug|Any CPU.Build.0 = Debug|Any CPU
		{9448F07F-AAC5-4C50-A02D-547A93D2F7E1}.Release|Any CPU.ActiveCfg = Release|Any CPU
		{9448F07F-AAC5-4C50-A02D-547A93D2F7E1}.Release|Any CPU.Build.0 = Release|Any CPU
		{BA9E8476-F235-4D33-A7B8-50666DD0801A}.Debug|Any CPU.ActiveCfg = Debug|Any CPU
		{BA9E8476-F235-4D33-A7B8-50666DD0801A}.Debug|Any CPU.Build.0 = Debug|Any CPU
		{BA9E8476-F235-4D33-A7B8-50666DD0801A}.Release|Any CPU.ActiveCfg = Release|Any CPU
		{BA9E8476-F235-4D33-A7B8-50666DD0801A}.Release|Any CPU.Build.0 = Release|Any CPU
		{C76EFDCD-FE97-4441-80C9-136D13F2ACCC}.Debug|Any CPU.ActiveCfg = Debug|Any CPU
		{C76EFDCD-FE97-4441-80C9-136D13F2ACCC}.Debug|Any CPU.Build.0 = Debug|Any CPU
		{C76EFDCD-FE97-4441-80C9-136D13F2ACCC}.Release|Any CPU.ActiveCfg = Release|Any CPU
		{C76EFDCD-FE97-4441-80C9-136D13F2ACCC}.Release|Any CPU.Build.0 = Release|Any CPU
	EndGlobalSection
	GlobalSection(SolutionProperties) = preSolution
		HideSolutionNode = FALSE
	EndGlobalSection
	GlobalSection(ExtensibilityGlobals) = postSolution
		SolutionGuid = {FD602EDD-5C83-460A-8598-6066DF9A2C17}
	EndGlobalSection
EndGlobal
