
Microsoft Visual Studio Solution File, Format Version 12.00
# Visual Studio Version 18
VisualStudioVersion = 18.2.11408.102
MinimumVisualStudioVersion = 10.0.40219.1
Project("{9A19103F-16F7-4668-BE54-9A1E7A4F7556}") = "Stardust.Paradox.Data", "Stardust.Paradox.Data\Stardust.Paradox.Data.csproj", "{D6AE37AA-AFEC-4CBE-8CE5-AB8887BE4ACD}"
EndProject
Project("{9A19103F-16F7-4668-BE54-9A1E7A4F7556}") = "Stardust.Paradox.Data.Annotations", "Stardust.Paradox.Data.Annotations\Stardust.Paradox.Data.Annotations.csproj", "{BBD19710-A4A7-490D-BA06-E661A386C41F}"
EndProject
Project("{9A19103F-16F7-4668-BE54-9A1E7A4F7556}") = "Stardust.Paradox.Data.CosmosDbTests", "Stardust.Paradox.Data.CosmosDbTests\Stardust.Paradox.Data.CosmosDbTests.csproj", "{7349F8FE-C1E4-4A89-9E7A-E3FDCD55E8A8}"
EndProject
Project("{9A19103F-16F7-4668-BE54-9A1E7A4F7556}") = "Stardust.Paradox.Data.Providers.CosmosDb", "Stardust.Paradox.Data.Providers.CosmosDb\Stardust.Paradox.Data.Providers.CosmosDb.csproj", "{B1D8C50F-0360-4AF6-8BE2-421835D87D67}"
EndProject
Project("{9A19103F-16F7-4668-BE54-9A1E7A4F7556}") = "Stardust.Paradox.Data.Providers.Gremlin", "Stardust.Paradox.Data.Providers.Gremlin\Stardust.Paradox.Data.Providers.Gremlin.csproj", "{9C37DC0B-F24F-4698-995D-FE23AE187BCD}"
EndProject
Project("{FAE04EC0-301F-11D3-BF4B-00C04F79EFBC}") = "Stardust.Paradox.Data.UnitTests", "Stardust.Paradox.Data.UnitTests\Stardust.Paradox.Data.UnitTests.csproj", "{E7DEF000-3BE1-4A42-844E-992D9ABD2A94}"
EndProject
Project("{FAE04EC0-301F-11D3-BF4B-00C04F79EFBC}") = "Stardust.Paradox.Data.InMemory", "Stardust.Paradox.Data.InMemory\Stardust.Paradox.Data.InMemory.csproj", "{BA9E8476-F235-4D33-A7B8-50666DD0801A}"
EndProject
Project("{FAE04EC0-301F-11D3-BF4B-00C04F79EFBC}") = "Stardust.Paradox.Data.InMemory.Tests", "Stardust.Paradox.Data.InMemory.Tests\Stardust.Paradox.Data.InMemory.Tests.csproj", "{C76EFDCD-FE97-4441-80C9-136D13F2ACCC}"
EndProject
Project("{FAE04EC0-301F-11D3-BF4B-00C04F79EFBC}") = "Stardust.Paradox.Data.InMemory.Demo", "Stardust.Paradox.Data.InMemory.Demo\Stardust.Paradox.Data.InMemory.Demo.csproj", "{0357468F-ECD0-7F5F-4CF5-928F0F42BE67}"
EndProject
Project("{FAE04EC0-301F-11D3-BF4B-00C04F79EFBC}") = "Stardust.Paradox.Data.ScenarioConnector", "Stardust.Paradox.Data.ScenarioConnector\Stardust.Paradox.Data.ScenarioConnector.csproj", "{C8700D34-AD35-488F-A925-B3E3A944E207}"
EndProject
Project("{FAE04EC0-301F-11D3-BF4B-00C04F79EFBC}") = "Stardust.Paradox.Data.Linq", "Stardust.Paradox.Data.Linq\Stardust.Paradox.Data.Linq.csproj", "{7222F9DF-47F3-409A-9DB8-123598DB5157}"
EndProject
Project("{FAE04EC0-301F-11D3-BF4B-00C04F79EFBC}") = "Stardust.Paradox.Data.Linq.Tests", "Stardust.Paradox.Data.Linq.Tests\Stardust.Paradox.Data.Linq.Tests.csproj", "{FF3F7A38-1A58-43D9-A1F8-63513795D2F3}"
EndProject
Project("{2150E333-8FDC-42A3-9474-1A3956D46DE8}") = "StardustGremlinStudio", "StardustGremlinStudio", "{44D04B6D-11CF-CFF9-8F5A-64702D10A371}"
EndProject
Project("{FAE04EC0-301F-11D3-BF4B-00C04F79EFBC}") = "Stardust.Paradox.GremlinStudio.Core", "StardustGremlinStudio\Stardust.Paradox.GremlinStudio.Core\Stardust.Paradox.GremlinStudio.Core.csproj", "{93DEDFA2-4427-460D-A7FD-A1CE1A8C9AFF}"
EndProject
Project("{FAE04EC0-301F-11D3-BF4B-00C04F79EFBC}") = "Stardust.Paradox.GremlinStudio", "StardustGremlinStudio\Stardust.Paradox.GremlinStudio\Stardust.Paradox.GremlinStudio.csproj", "{E7FFABCD-AE11-4010-8088-E662A0FEC05B}"
EndProject
Project("{FAE04EC0-301F-11D3-BF4B-00C04F79EFBC}") = "Stardust.Paradox.GremlinStudio.Tests", "StardustGremlinStudio\Stardust.Paradox.GremlinStudio.Tests\Stardust.Paradox.GremlinStudio.Tests.csproj", "{FFD21832-CFEF-4CA6-953F-9B4956E3493D}"
EndProject
Project("{2150E333-8FDC-42A3-9474-1A3956D46DE8}") = "Solution Items", "Solution Items", "{2BB2D88F-16C5-414D-9436-BE72F216E481}"
	ProjectSection(SolutionItems) = preProject
		.github\copilot-instructions.md = .github\copilot-instructions.md
		..\.github\workflows\gremlin-studio-build.yml = ..\.github\workflows\gremlin-studio-build.yml
	EndProjectSection
EndProject
Project("{2150E333-8FDC-42A3-9474-1A3956D46DE8}") = "Installer", "Installer", "{418E7173-AAD3-4CC4-912A-8906001F24B6}"
	ProjectSection(SolutionItems) = preProject
		StardustGremlinStudio\Installer\build-installer.cmd = StardustGremlinStudio\Installer\build-installer.cmd
		StardustGremlinStudio\Installer\GremlinStudio.iss = StardustGremlinStudio\Installer\GremlinStudio.iss
		StardustGremlinStudio\Installer\README.md = StardustGremlinStudio\Installer\README.md
	EndProjectSection
EndProject
Project("{FAE04EC0-301F-11D3-BF4B-00C04F79EFBC}") = "Stardust.Paradox.GremlinStudio.McpServer", "StardustGremlinStudio\Stardust.Paradox.GremlinStudio.McpServer\Stardust.Paradox.GremlinStudio.McpServer.csproj", "{A6A67FE8-735B-4D3F-A9DB-CC9391B16620}"
EndProject
Global
	GlobalSection(SolutionConfigurationPlatforms) = preSolution
		Debug|Any CPU = Debug|Any CPU
		Debug|x64 = Debug|x64
		Debug|x86 = Debug|x86
		Release|Any CPU = Release|Any CPU
		Release|x64 = Release|x64
		Release|x86 = Release|x86
	EndGlobalSection
	GlobalSection(ProjectConfigurationPlatforms) = postSolution
		{D6AE37AA-AFEC-4CBE-8CE5-AB8887BE4ACD}.Debug|Any CPU.ActiveCfg = Debug|Any CPU
		{D6AE37AA-AFEC-4CBE-8CE5-AB8887BE4ACD}.Debug|Any CPU.Build.0 = Debug|Any CPU
		{D6AE37AA-AFEC-4CBE-8CE5-AB8887BE4ACD}.Debug|x64.ActiveCfg = Debug|Any CPU
		{D6AE37AA-AFEC-4CBE-8CE5-AB8887BE4ACD}.Debug|x64.Build.0 = Debug|Any CPU
		{D6AE37AA-AFEC-4CBE-8CE5-AB8887BE4ACD}.Debug|x86.ActiveCfg = Debug|Any CPU
		{D6AE37AA-AFEC-4CBE-8CE5-AB8887BE4ACD}.Debug|x86.Build.0 = Debug|Any CPU
		{D6AE37AA-AFEC-4CBE-8CE5-AB8887BE4ACD}.Release|Any CPU.ActiveCfg = Release|Any CPU
		{D6AE37AA-AFEC-4CBE-8CE5-AB8887BE4ACD}.Release|Any CPU.Build.0 = Release|Any CPU
		{D6AE37AA-AFEC-4CBE-8CE5-AB8887BE4ACD}.Release|x64.ActiveCfg = Release|Any CPU
		{D6AE37AA-AFEC-4CBE-8CE5-AB8887BE4ACD}.Release|x64.Build.0 = Release|Any CPU
		{D6AE37AA-AFEC-4CBE-8CE5-AB8887BE4ACD}.Release|x86.ActiveCfg = Release|Any CPU
		{D6AE37AA-AFEC-4CBE-8CE5-AB8887BE4ACD}.Release|x86.Build.0 = Release|Any CPU
		{BBD19710-A4A7-490D-BA06-E661A386C41F}.Debug|Any CPU.ActiveCfg = Debug|Any CPU
		{BBD19710-A4A7-490D-BA06-E661A386C41F}.Debug|Any CPU.Build.0 = Debug|Any CPU
		{BBD19710-A4A7-490D-BA06-E661A386C41F}.Debug|x64.ActiveCfg = Debug|Any CPU
		{BBD19710-A4A7-490D-BA06-E661A386C41F}.Debug|x64.Build.0 = Debug|Any CPU
		{BBD19710-A4A7-490D-BA06-E661A386C41F}.Debug|x86.ActiveCfg = Debug|Any CPU
		{BBD19710-A4A7-490D-BA06-E661A386C41F}.Debug|x86.Build.0 = Debug|Any CPU
		{BBD19710-A4A7-490D-BA06-E661A386C41F}.Release|Any CPU.ActiveCfg = Release|Any CPU
		{BBD19710-A4A7-490D-BA06-E661A386C41F}.Release|Any CPU.Build.0 = Release|Any CPU
		{BBD19710-A4A7-490D-BA06-E661A386C41F}.Release|x64.ActiveCfg = Release|Any CPU
		{BBD19710-A4A7-490D-BA06-E661A386C41F}.Release|x64.Build.0 = Release|Any CPU
		{BBD19710-A4A7-490D-BA06-E661A386C41F}.Release|x86.ActiveCfg = Release|Any CPU
		{BBD19710-A4A7-490D-BA06-E661A386C41F}.Release|x86.Build.0 = Release|Any CPU
		{7349F8FE-C1E4-4A89-9E7A-E3FDCD55E8A8}.Debug|Any CPU.ActiveCfg = Debug|Any CPU
		{7349F8FE-C1E4-4A89-9E7A-E3FDCD55E8A8}.Debug|Any CPU.Build.0 = Debug|Any CPU
		{7349F8FE-C1E4-4A89-9E7A-E3FDCD55E8A8}.Debug|x64.ActiveCfg = Debug|Any CPU
		{7349F8FE-C1E4-4A89-9E7A-E3FDCD55E8A8}.Debug|x64.Build.0 = Debug|Any CPU
		{7349F8FE-C1E4-4A89-9E7A-E3FDCD55E8A8}.Debug|x86.ActiveCfg = Debug|Any CPU
		{7349F8FE-C1E4-4A89-9E7A-E3FDCD55E8A8}.Debug|x86.Build.0 = Debug|Any CPU
		{7349F8FE-C1E4-4A89-9E7A-E3FDCD55E8A8}.Release|Any CPU.ActiveCfg = Release|Any CPU
		{7349F8FE-C1E4-4A89-9E7A-E3FDCD55E8A8}.Release|Any CPU.Build.0 = Release|Any CPU
		{7349F8FE-C1E4-4A89-9E7A-E3FDCD55E8A8}.Release|x64.ActiveCfg = Release|Any CPU
		{7349F8FE-C1E4-4A89-9E7A-E3FDCD55E8A8}.Release|x64.Build.0 = Release|Any CPU
		{7349F8FE-C1E4-4A89-9E7A-E3FDCD55E8A8}.Release|x86.ActiveCfg = Release|Any CPU
		{7349F8FE-C1E4-4A89-9E7A-E3FDCD55E8A8}.Release|x86.Build.0 = Release|Any CPU
		{B1D8C50F-0360-4AF6-8BE2-421835D87D67}.Debug|Any CPU.ActiveCfg = Debug|Any CPU
		{B1D8C50F-0360-4AF6-8BE2-421835D87D67}.Debug|Any CPU.Build.0 = Debug|Any CPU
		{B1D8C50F-0360-4AF6-8BE2-421835D87D67}.Debug|x64.ActiveCfg = Debug|Any CPU
		{B1D8C50F-0360-4AF6-8BE2-421835D87D67}.Debug|x64.Build.0 = Debug|Any CPU
		{B1D8C50F-0360-4AF6-8BE2-421835D87D67}.Debug|x86.ActiveCfg = Debug|Any CPU
		{B1D8C50F-0360-4AF6-8BE2-421835D87D67}.Debug|x86.Build.0 = Debug|Any CPU
		{B1D8C50F-0360-4AF6-8BE2-421835D87D67}.Release|Any CPU.ActiveCfg = Release|Any CPU
		{B1D8C50F-0360-4AF6-8BE2-421835D87D67}.Release|Any CPU.Build.0 = Release|Any CPU
		{B1D8C50F-0360-4AF6-8BE2-421835D87D67}.Release|x64.ActiveCfg = Release|Any CPU
		{B1D8C50F-0360-4AF6-8BE2-421835D87D67}.Release|x64.Build.0 = Release|Any CPU
		{B1D8C50F-0360-4AF6-8BE2-421835D87D67}.Release|x86.ActiveCfg = Release|Any CPU
		{B1D8C50F-0360-4AF6-8BE2-421835D87D67}.Release|x86.Build.0 = Release|Any CPU
		{9C37DC0B-F24F-4698-995D-FE23AE187BCD}.Debug|Any CPU.ActiveCfg = Debug|Any CPU
		{9C37DC0B-F24F-4698-995D-FE23AE187BCD}.Debug|Any CPU.Build.0 = Debug|Any CPU
		{9C37DC0B-F24F-4698-995D-FE23AE187BCD}.Debug|x64.ActiveCfg = Debug|Any CPU
		{9C37DC0B-F24F-4698-995D-FE23AE187BCD}.Debug|x64.Build.0 = Debug|Any CPU
		{9C37DC0B-F24F-4698-995D-FE23AE187BCD}.Debug|x86.ActiveCfg = Debug|Any CPU
		{9C37DC0B-F24F-4698-995D-FE23AE187BCD}.Debug|x86.Build.0 = Debug|Any CPU
		{9C37DC0B-F24F-4698-995D-FE23AE187BCD}.Release|Any CPU.ActiveCfg = Release|Any CPU
		{9C37DC0B-F24F-4698-995D-FE23AE187BCD}.Release|Any CPU.Build.0 = Release|Any CPU
		{9C37DC0B-F24F-4698-995D-FE23AE187BCD}.Release|x64.ActiveCfg = Release|Any CPU
		{9C37DC0B-F24F-4698-995D-FE23AE187BCD}.Release|x64.Build.0 = Release|Any CPU
		{9C37DC0B-F24F-4698-995D-FE23AE187BCD}.Release|x86.ActiveCfg = Release|Any CPU
		{9C37DC0B-F24F-4698-995D-FE23AE187BCD}.Release|x86.Build.0 = Release|Any CPU
		{E7DEF000-3BE1-4A42-844E-992D9ABD2A94}.Debug|Any CPU.ActiveCfg = Debug|Any CPU
		{E7DEF000-3BE1-4A42-844E-992D9ABD2A94}.Debug|Any CPU.Build.0 = Debug|Any CPU
		{E7DEF000-3BE1-4A42-844E-992D9ABD2A94}.Debug|x64.ActiveCfg = Debug|Any CPU
		{E7DEF000-3BE1-4A42-844E-992D9ABD2A94}.Debug|x64.Build.0 = Debug|Any CPU
		{E7DEF000-3BE1-4A42-844E-992D9ABD2A94}.Debug|x86.ActiveCfg = Debug|Any CPU
		{E7DEF000-3BE1-4A42-844E-992D9ABD2A94}.Debug|x86.Build.0 = Debug|Any CPU
		{E7DEF000-3BE1-4A42-844E-992D9ABD2A94}.Release|Any CPU.ActiveCfg = Release|Any CPU
		{E7DEF000-3BE1-4A42-844E-992D9ABD2A94}.Release|Any CPU.Build.0 = Release|Any CPU
		{E7DEF000-3BE1-4A42-844E-992D9ABD2A94}.Release|x64.ActiveCfg = Release|Any CPU
		{E7DEF000-3BE1-4A42-844E-992D9ABD2A94}.Release|x64.Build.0 = Release|Any CPU
		{E7DEF000-3BE1-4A42-844E-992D9ABD2A94}.Release|x86.ActiveCfg = Release|Any CPU
		{E7DEF000-3BE1-4A42-844E-992D9ABD2A94}.Release|x86.Build.0 = Release|Any CPU
		{BA9E8476-F235-4D33-A7B8-50666DD0801A}.Debug|Any CPU.ActiveCfg = Debug|Any CPU
		{BA9E8476-F235-4D33-A7B8-50666DD0801A}.Debug|Any CPU.Build.0 = Debug|Any CPU
		{BA9E8476-F235-4D33-A7B8-50666DD0801A}.Debug|x64.ActiveCfg = Debug|Any CPU
		{BA9E8476-F235-4D33-A7B8-50666DD0801A}.Debug|x64.Build.0 = Debug|Any CPU
		{BA9E8476-F235-4D33-A7B8-50666DD0801A}.Debug|x86.ActiveCfg = Debug|Any CPU
		{BA9E8476-F235-4D33-A7B8-50666DD0801A}.Debug|x86.Build.0 = Debug|Any CPU
		{BA9E8476-F235-4D33-A7B8-50666DD0801A}.Release|Any CPU.ActiveCfg = Release|Any CPU
		{BA9E8476-F235-4D33-A7B8-50666DD0801A}.Release|Any CPU.Build.0 = Release|Any CPU
		{BA9E8476-F235-4D33-A7B8-50666DD0801A}.Release|x64.ActiveCfg = Release|Any CPU
		{BA9E8476-F235-4D33-A7B8-50666DD0801A}.Release|x64.Build.0 = Release|Any CPU
		{BA9E8476-F235-4D33-A7B8-50666DD0801A}.Release|x86.ActiveCfg = Release|Any CPU
		{BA9E8476-F235-4D33-A7B8-50666DD0801A}.Release|x86.Build.0 = Release|Any CPU
		{C76EFDCD-FE97-4441-80C9-136D13F2ACCC}.Debug|Any CPU.ActiveCfg = Debug|Any CPU
		{C76EFDCD-FE97-4441-80C9-136D13F2ACCC}.Debug|Any CPU.Build.0 = Debug|Any CPU
		{C76EFDCD-FE97-4441-80C9-136D13F2ACCC}.Debug|x64.ActiveCfg = Debug|Any CPU
		{C76EFDCD-FE97-4441-80C9-136D13F2ACCC}.Debug|x64.Build.0 = Debug|Any CPU
		{C76EFDCD-FE97-4441-80C9-136D13F2ACCC}.Debug|x86.ActiveCfg = Debug|Any CPU
		{C76EFDCD-FE97-4441-80C9-136D13F2ACCC}.Debug|x86.Build.0 = Debug|Any CPU
		{C76EFDCD-FE97-4441-80C9-136D13F2ACCC}.Release|Any CPU.ActiveCfg = Release|Any CPU
		{C76EFDCD-FE97-4441-80C9-136D13F2ACCC}.Release|Any CPU.Build.0 = Release|Any CPU
		{C76EFDCD-FE97-4441-80C9-136D13F2ACCC}.Release|x64.ActiveCfg = Release|Any CPU
		{C76EFDCD-FE97-4441-80C9-136D13F2ACCC}.Release|x64.Build.0 = Release|Any CPU
		{C76EFDCD-FE97-4441-80C9-136D13F2ACCC}.Release|x86.ActiveCfg = Release|Any CPU
		{C76EFDCD-FE97-4441-80C9-136D13F2ACCC}.Release|x86.Build.0 = Release|Any CPU
		{0357468F-ECD0-7F5F-4CF5-928F0F42BE67}.Debug|Any CPU.ActiveCfg = Debug|Any CPU
		{0357468F-ECD0-7F5F-4CF5-928F0F42BE67}.Debug|Any CPU.Build.0 = Debug|Any CPU
		{0357468F-ECD0-7F5F-4CF5-928F0F42BE67}.Debug|x64.ActiveCfg = Debug|Any CPU
		{0357468F-ECD0-7F5F-4CF5-928F0F42BE67}.Debug|x64.Build.0 = Debug|Any CPU
		{0357468F-ECD0-7F5F-4CF5-928F0F42BE67}.Debug|x86.ActiveCfg = Debug|Any CPU
		{0357468F-ECD0-7F5F-4CF5-928F0F42BE67}.Debug|x86.Build.0 = Debug|Any CPU
		{0357468F-ECD0-7F5F-4CF5-928F0F42BE67}.Release|Any CPU.ActiveCfg = Release|Any CPU
		{0357468F-ECD0-7F5F-4CF5-928F0F42BE67}.Release|Any CPU.Build.0 = Release|Any CPU
		{0357468F-ECD0-7F5F-4CF5-928F0F42BE67}.Release|x64.ActiveCfg = Release|Any CPU
		{0357468F-ECD0-7F5F-4CF5-928F0F42BE67}.Release|x64.Build.0 = Release|Any CPU
		{0357468F-ECD0-7F5F-4CF5-928F0F42BE67}.Release|x86.ActiveCfg = Release|Any CPU
		{0357468F-ECD0-7F5F-4CF5-928F0F42BE67}.Release|x86.Build.0 = Release|Any CPU
		{C8700D34-AD35-488F-A925-B3E3A944E207}.Debug|Any CPU.ActiveCfg = Debug|Any CPU
		{C8700D34-AD35-488F-A925-B3E3A944E207}.Debug|Any CPU.Build.0 = Debug|Any CPU
		{C8700D34-AD35-488F-A925-B3E3A944E207}.Debug|x64.ActiveCfg = Debug|Any CPU
		{C8700D34-AD35-488F-A925-B3E3A944E207}.Debug|x64.Build.0 = Debug|Any CPU
		{C8700D34-AD35-488F-A925-B3E3A944E207}.Debug|x86.ActiveCfg = Debug|Any CPU
		{C8700D34-AD35-488F-A925-B3E3A944E207}.Debug|x86.Build.0 = Debug|Any CPU
		{C8700D34-AD35-488F-A925-B3E3A944E207}.Release|Any CPU.ActiveCfg = Release|Any CPU
		{C8700D34-AD35-488F-A925-B3E3A944E207}.Release|Any CPU.Build.0 = Release|Any CPU
		{C8700D34-AD35-488F-A925-B3E3A944E207}.Release|x64.ActiveCfg = Release|Any CPU
		{C8700D34-AD35-488F-A925-B3E3A944E207}.Release|x64.Build.0 = Release|Any CPU
		{C8700D34-AD35-488F-A925-B3E3A944E207}.Release|x86.ActiveCfg = Release|Any CPU
		{C8700D34-AD35-488F-A925-B3E3A944E207}.Release|x86.Build.0 = Release|Any CPU
		{7222F9DF-47F3-409A-9DB8-123598DB5157}.Debug|Any CPU.ActiveCfg = Debug|Any CPU
		{7222F9DF-47F3-409A-9DB8-123598DB5157}.Debug|Any CPU.Build.0 = Debug|Any CPU
		{7222F9DF-47F3-409A-9DB8-123598DB5157}.Debug|x64.ActiveCfg = Debug|Any CPU
		{7222F9DF-47F3-409A-9DB8-123598DB5157}.Debug|x64.Build.0 = Debug|Any CPU
		{7222F9DF-47F3-409A-9DB8-123598DB5157}.Debug|x86.ActiveCfg = Debug|Any CPU
		{7222F9DF-47F3-409A-9DB8-123598DB5157}.Debug|x86.Build.0 = Debug|Any CPU
		{7222F9DF-47F3-409A-9DB8-123598DB5157}.Release|Any CPU.ActiveCfg = Release|Any CPU
		{7222F9DF-47F3-409A-9DB8-123598DB5157}.Release|Any CPU.Build.0 = Release|Any CPU
		{7222F9DF-47F3-409A-9DB8-123598DB5157}.Release|x64.ActiveCfg = Release|Any CPU
		{7222F9DF-47F3-409A-9DB8-123598DB5157}.Release|x64.Build.0 = Release|Any CPU
		{7222F9DF-47F3-409A-9DB8-123598DB5157}.Release|x86.ActiveCfg = Release|Any CPU
		{7222F9DF-47F3-409A-9DB8-123598DB5157}.Release|x86.Build.0 = Release|Any CPU
		{FF3F7A38-1A58-43D9-A1F8-63513795D2F3}.Debug|Any CPU.ActiveCfg = Debug|Any CPU
		{FF3F7A38-1A58-43D9-A1F8-63513795D2F3}.Debug|Any CPU.Build.0 = Debug|Any CPU
		{FF3F7A38-1A58-43D9-A1F8-63513795D2F3}.Debug|x64.ActiveCfg = Debug|Any CPU
		{FF3F7A38-1A58-43D9-A1F8-63513795D2F3}.Debug|x64.Build.0 = Debug|Any CPU
		{FF3F7A38-1A58-43D9-A1F8-63513795D2F3}.Debug|x86.ActiveCfg = Debug|Any CPU
		{FF3F7A38-1A58-43D9-A1F8-63513795D2F3}.Debug|x86.Build.0 = Debug|Any CPU
		{FF3F7A38-1A58-43D9-A1F8-63513795D2F3}.Release|Any CPU.ActiveCfg = Release|Any CPU
		{FF3F7A38-1A58-43D9-A1F8-63513795D2F3}.Release|Any CPU.Build.0 = Release|Any CPU
		{FF3F7A38-1A58-43D9-A1F8-63513795D2F3}.Release|x64.ActiveCfg = Release|Any CPU
		{FF3F7A38-1A58-43D9-A1F8-63513795D2F3}.Release|x64.Build.0 = Release|Any CPU
		{FF3F7A38-1A58-43D9-A1F8-63513795D2F3}.Release|x86.ActiveCfg = Release|Any CPU
		{FF3F7A38-1A58-43D9-A1F8-63513795D2F3}.Release|x86.Build.0 = Release|Any CPU
		{93DEDFA2-4427-460D-A7FD-A1CE1A8C9AFF}.Debug|Any CPU.ActiveCfg = Debug|Any CPU
		{93DEDFA2-4427-460D-A7FD-A1CE1A8C9AFF}.Debug|Any CPU.Build.0 = Debug|Any CPU
		{93DEDFA2-4427-460D-A7FD-A1CE1A8C9AFF}.Debug|x64.ActiveCfg = Debug|Any CPU
		{93DEDFA2-4427-460D-A7FD-A1CE1A8C9AFF}.Debug|x64.Build.0 = Debug|Any CPU
		{93DEDFA2-4427-460D-A7FD-A1CE1A8C9AFF}.Debug|x86.ActiveCfg = Debug|Any CPU
		{93DEDFA2-4427-460D-A7FD-A1CE1A8C9AFF}.Debug|x86.Build.0 = Debug|Any CPU
		{93DEDFA2-4427-460D-A7FD-A1CE1A8C9AFF}.Release|Any CPU.ActiveCfg = Release|Any CPU
		{93DEDFA2-4427-460D-A7FD-A1CE1A8C9AFF}.Release|Any CPU.Build.0 = Release|Any CPU
		{93DEDFA2-4427-460D-A7FD-A1CE1A8C9AFF}.Release|x64.ActiveCfg = Release|Any CPU
		{93DEDFA2-4427-460D-A7FD-A1CE1A8C9AFF}.Release|x64.Build.0 = Release|Any CPU
		{93DEDFA2-4427-460D-A7FD-A1CE1A8C9AFF}.Release|x86.ActiveCfg = Release|Any CPU
		{93DEDFA2-4427-460D-A7FD-A1CE1A8C9AFF}.Release|x86.Build.0 = Release|Any CPU
		{E7FFABCD-AE11-4010-8088-E662A0FEC05B}.Debug|Any CPU.ActiveCfg = Debug|Any CPU
		{E7FFABCD-AE11-4010-8088-E662A0FEC05B}.Debug|Any CPU.Build.0 = Debug|Any CPU
		{E7FFABCD-AE11-4010-8088-E662A0FEC05B}.Debug|x64.ActiveCfg = Debug|Any CPU
		{E7FFABCD-AE11-4010-8088-E662A0FEC05B}.Debug|x64.Build.0 = Debug|Any CPU
		{E7FFABCD-AE11-4010-8088-E662A0FEC05B}.Debug|x86.ActiveCfg = Debug|Any CPU
		{E7FFABCD-AE11-4010-8088-E662A0FEC05B}.Debug|x86.Build.0 = Debug|Any CPU
		{E7FFABCD-AE11-4010-8088-E662A0FEC05B}.Release|Any CPU.ActiveCfg = Release|Any CPU
		{E7FFABCD-AE11-4010-8088-E662A0FEC05B}.Release|Any CPU.Build.0 = Release|Any CPU
		{E7FFABCD-AE11-4010-8088-E662A0FEC05B}.Release|x64.ActiveCfg = Release|Any CPU
		{E7FFABCD-AE11-4010-8088-E662A0FEC05B}.Release|x64.Build.0 = Release|Any CPU
		{E7FFABCD-AE11-4010-8088-E662A0FEC05B}.Release|x86.ActiveCfg = Release|Any CPU
		{E7FFABCD-AE11-4010-8088-E662A0FEC05B}.Release|x86.Build.0 = Release|Any CPU
		{FFD21832-CFEF-4CA6-953F-9B4956E3493D}.Debug|Any CPU.ActiveCfg = Debug|Any CPU
		{FFD21832-CFEF-4CA6-953F-9B4956E3493D}.Debug|Any CPU.Build.0 = Debug|Any CPU
		{FFD21832-CFEF-4CA6-953F-9B4956E3493D}.Debug|x64.ActiveCfg = Debug|Any CPU
		{FFD21832-CFEF-4CA6-953F-9B4956E3493D}.Debug|x64.Build.0 = Debug|Any CPU
		{FFD21832-CFEF-4CA6-953F-9B4956E3493D}.Debug|x86.ActiveCfg = Debug|Any CPU
		{FFD21832-CFEF-4CA6-953F-9B4956E3493D}.Debug|x86.Build.0 = Debug|Any CPU
		{FFD21832-CFEF-4CA6-953F-9B4956E3493D}.Release|Any CPU.ActiveCfg = Release|Any CPU
		{FFD21832-CFEF-4CA6-953F-9B4956E3493D}.Release|Any CPU.Build.0 = Release|Any CPU
		{FFD21832-CFEF-4CA6-953F-9B4956E3493D}.Release|x64.ActiveCfg = Release|Any CPU
		{FFD21832-CFEF-4CA6-953F-9B4956E3493D}.Release|x64.Build.0 = Release|Any CPU
		{FFD21832-CFEF-4CA6-953F-9B4956E3493D}.Release|x86.ActiveCfg = Release|Any CPU
		{FFD21832-CFEF-4CA6-953F-9B4956E3493D}.Release|x86.Build.0 = Release|Any CPU
		{A6A67FE8-735B-4D3F-A9DB-CC9391B16620}.Debug|Any CPU.ActiveCfg = Debug|Any CPU
		{A6A67FE8-735B-4D3F-A9DB-CC9391B16620}.Debug|Any CPU.Build.0 = Debug|Any CPU
		{A6A67FE8-735B-4D3F-A9DB-CC9391B16620}.Debug|x64.ActiveCfg = Debug|Any CPU
		{A6A67FE8-735B-4D3F-A9DB-CC9391B16620}.Debug|x64.Build.0 = Debug|Any CPU
		{A6A67FE8-735B-4D3F-A9DB-CC9391B16620}.Debug|x86.ActiveCfg = Debug|Any CPU
		{A6A67FE8-735B-4D3F-A9DB-CC9391B16620}.Debug|x86.Build.0 = Debug|Any CPU
		{A6A67FE8-735B-4D3F-A9DB-CC9391B16620}.Release|Any CPU.ActiveCfg = Release|Any CPU
		{A6A67FE8-735B-4D3F-A9DB-CC9391B16620}.Release|Any CPU.Build.0 = Release|Any CPU
		{A6A67FE8-735B-4D3F-A9DB-CC9391B16620}.Release|x64.ActiveCfg = Release|Any CPU
		{A6A67FE8-735B-4D3F-A9DB-CC9391B16620}.Release|x64.Build.0 = Release|Any CPU
		{A6A67FE8-735B-4D3F-A9DB-CC9391B16620}.Release|x86.ActiveCfg = Release|Any CPU
		{A6A67FE8-735B-4D3F-A9DB-CC9391B16620}.Release|x86.Build.0 = Release|Any CPU
	EndGlobalSection
	GlobalSection(SolutionProperties) = preSolution
		HideSolutionNode = FALSE
	EndGlobalSection
	GlobalSection(NestedProjects) = preSolution
		{93DEDFA2-4427-460D-A7FD-A1CE1A8C9AFF} = {44D04B6D-11CF-CFF9-8F5A-64702D10A371}
		{E7FFABCD-AE11-4010-8088-E662A0FEC05B} = {44D04B6D-11CF-CFF9-8F5A-64702D10A371}
		{FFD21832-CFEF-4CA6-953F-9B4956E3493D} = {44D04B6D-11CF-CFF9-8F5A-64702D10A371}
		{418E7173-AAD3-4CC4-912A-8906001F24B6} = {44D04B6D-11CF-CFF9-8F5A-64702D10A371}
		{A6A67FE8-735B-4D3F-A9DB-CC9391B16620} = {44D04B6D-11CF-CFF9-8F5A-64702D10A371}
	EndGlobalSection
	GlobalSection(ExtensibilityGlobals) = postSolution
		SolutionGuid = {FD602EDD-5C83-460A-8598-6066DF9A2C17}
	EndGlobalSection
EndGlobal
